
Microsoft Visual Studio Solution File, Format Version 12.00
# Visual Studio 15
VisualStudioVersion = 15.0.28307.329
MinimumVisualStudioVersion = 10.0.40219.1
Project("{FAE04EC0-301F-11D3-BF4B-00C04F79EFBC}") = "AdvertisementCore", "AdvertisementCore\AdvertisementCore.csproj", "{DB6755DF-3033-4A30-9974-BD44C404D217}"
EndProject
Global
	GlobalSection(SolutionConfigurationPlatforms) = preSolution
		Debug|Any CPU = Debug|Any CPU
		Release|Any CPU = Release|Any CPU
	EndGlobalSection
	GlobalSection(ProjectConfigurationPlatforms) = postSolution
		{DB6755DF-3033-4A30-9974-BD44C404D217}.Debug|Any CPU.ActiveCfg = Debug|Any CPU
		{DB6755DF-3033-4A30-9974-BD44C404D217}.Debug|Any CPU.Build.0 = Debug|Any CPU
		{DB6755DF-3033-4A30-9974-BD44C404D217}.Release|Any CPU.ActiveCfg = Release|Any CPU
		{DB6755DF-3033-4A30-9974-BD44C404D217}.Release|Any CPU.Build.0 = Release|Any CPU
	EndGlobalSection
	GlobalSection(SolutionProperties) = preSolution
		HideSolutionNode = FALSE
	EndGlobalSection
	GlobalSection(ExtensibilityGlobals) = postSolution
		SolutionGuid = {BC345EDE-F96C-42FD-BF56-C70121C85DD0}
	EndGlobalSection
EndGlobal
